
Microsoft Visual Studio Solution File, Format Version 12.00
# Visual Studio 15
VisualStudioVersion = 15.0.26730.12
MinimumVisualStudioVersion = 10.0.40219.1
Project("{FAE04EC0-301F-11D3-BF4B-00C04F79EFBC}") = "Libraryman.DataAccess", "Libraryman.DataAccess\Libraryman.DataAccess.csproj", "{B77A7974-476E-46A7-AB25-5D43250A5EA8}"
EndProject
Project("{FAE04EC0-301F-11D3-BF4B-00C04F79EFBC}") = "Libraryman.Entity", "Libraryman.Entity\Libraryman.Entity.csproj", "{485B0B2E-F44D-4F22-87CC-62BD2FD1FEC0}"
EndProject
Global
	GlobalSection(SolutionConfigurationPlatforms) = preSolution
		Debug|Any CPU = Debug|Any CPU
		Release|Any CPU = Release|Any CPU
	EndGlobalSection
	GlobalSection(ProjectConfigurationPlatforms) = postSolution
		{B77A7974-476E-46A7-AB25-5D43250A5EA8}.Debug|Any CPU.ActiveCfg = Debug|Any CPU
		{B77A7974-476E-46A7-AB25-5D43250A5EA8}.Debug|Any CPU.Build.0 = Debug|Any CPU
		{B77A7974-476E-46A7-AB25-5D43250A5EA8}.Release|Any CPU.ActiveCfg = Release|Any CPU
		{B77A7974-476E-46A7-AB25-5D43250A5EA8}.Release|Any CPU.Build.0 = Release|Any CPU
		{485B0B2E-F44D-4F22-87CC-62BD2FD1FEC0}.Debug|Any CPU.ActiveCfg = Debug|Any CPU
		{485B0B2E-F44D-4F22-87CC-62BD2FD1FEC0}.Debug|Any CPU.Build.0 = Debug|Any CPU
		{485B0B2E-F44D-4F22-87CC-62BD2FD1FEC0}.Release|Any CPU.ActiveCfg = Release|Any CPU
		{485B0B2E-F44D-4F22-87CC-62BD2FD1FEC0}.Release|Any CPU.Build.0 = Release|Any CPU
	EndGlobalSection
	GlobalSection(SolutionProperties) = preSolution
		HideSolutionNode = FALSE
	EndGlobalSection
	GlobalSection(ExtensibilityGlobals) = postSolution
		SolutionGuid = {F7407AD8-0D16-46FA-BC62-25CCADB0D55A}
	EndGlobalSection
EndGlobal
